<?xml version="1.0" encoding="utf-8"?>
<Project ToolsVersion="4.0" xmlns="http://schemas.microsoft.com/developer/msbuild/2003">
  <ItemGroup>
    <Filter Include="Source Files">
      <UniqueIdentifier>{4FC737F1-C7A5-4376-A066-2A32D752A2FF}</UniqueIdentifier>
      <Extensions>cpp;c;cc;cxx;c++;cppm;ixx;def;odl;idl;hpj;bat;asm;asmx</Extensions>
    </Filter>
    <Filter Include="Header Files">
      <UniqueIdentifier>{93995380-89BD-4b04-88EB-625FBE52EBFB}</UniqueIdentifier>
      <Extensions>h;hh;hpp;hxx;h++;hm;inl;inc;ipp;xsd</Extensions>
    </Filter>
    <Filter Include="Resource Files">
      <UniqueIdentifier>{67DA6AB6-F800-4c08-8B7A-83BB121AAD01}</UniqueIdentifier>
      <Extensions>rc;ico;cur;bmp;dlg;rc2;rct;bin;rgs;gif;jpg;jpeg;jpe;resx;tiff;tif;png;wav;mfcribbon-ms</Extensions>
    </Filter>
    <Filter Include="Source Files\Hand Evaluation">
      <UniqueIdentifier>{d29084c6-f374-4026-a544-38f2f83de65c}</UniqueIdentifier>
    </Filter>
    <Filter Include="Source Files\Solver">
      <UniqueIdentifier>{b1bc1a25-45b2-4954-9ddc-938696c77852}</UniqueIdentifier>
    </Filter>
    <Filter Include="Source Files\Deck">
      <UniqueIdentifier>{802aee07-82e6-4207-91a4-8c53c70ee6f5}</UniqueIdentifier>
    </Filter>
    <Filter Include="Header Files\Hand Evaluation">
      <UniqueIdentifier>{fd734f62-eb92-484b-bdd4-9e77b7df61a2}</UniqueIdentifier>
    </Filter>
    <Filter Include="Header Files\Deck">
      <UniqueIdentifier>{e76c586b-7699-4e25-9363-640bf5c9d0ac}</UniqueIdentifier>
    </Filter>
    <Filter Include="Header Files\Solver">
      <UniqueIdentifier>{5ac28fdb-e908-46fb-ad2f-83d47aeeec08}</UniqueIdentifier>
    </Filter>
    <Filter Include="Test">
      <UniqueIdentifier>{180f8799-d241-49aa-aaaf-8917d68bd99a}</UniqueIdentifier>
    </Filter>
    <Filter Include="Test\Deck">
      <UniqueIdentifier>{3b270510-e038-4544-b36b-7b944c03ffde}</UniqueIdentifier>
    </Filter>
    <Filter Include="Resource Files\Hand Evaluation">
      <UniqueIdentifier>{d541a89d-9a1f-4b01-af7b-86dd048ef0f3}</UniqueIdentifier>
    </Filter>
    <Filter Include="Source Files\Solver\Range">
      <UniqueIdentifier>{3d9c7dd1-2fb7-4a6e-a44c-b6a77e9b1685}</UniqueIdentifier>
    </Filter>
    <Filter Include="Header Files\Solver\Range">
      <UniqueIdentifier>{b37b9908-30a2-4f2b-8b6e-d59167357186}</UniqueIdentifier>
    </Filter>
    <Filter Include="Source Files\Utils">
      <UniqueIdentifier>{d9013d7c-f09d-4291-9ce9-c0a5c151bc9d}</UniqueIdentifier>
    </Filter>
    <Filter Include="Header Files\Utils">
      <UniqueIdentifier>{2abaefa1-51ec-4af6-8b88-f87a5c7bdbdd}</UniqueIdentifier>
    </Filter>
    <Filter Include="Source Files\Solver\Game Tree">
      <UniqueIdentifier>{5285fbb0-567e-4613-a391-ae9d6c530855}</UniqueIdentifier>
    </Filter>
    <Filter Include="Header Files\Solver\Game Tree">
      <UniqueIdentifier>{775d98f0-b3c0-46cd-8842-8691c2a4c358}</UniqueIdentifier>
    </Filter>
  </ItemGroup>
  <ItemGroup>
    <ClInclude Include="framework.h">
      <Filter>Header Files</Filter>
    </ClInclude>
    <ClInclude Include="targetver.h">
      <Filter>Header Files</Filter>
    </ClInclude>
    <ClInclude Include="Resource.h">
      <Filter>Header Files</Filter>
    </ClInclude>
    <ClInclude Include="PokerSolver.h">
      <Filter>Header Files</Filter>
    </ClInclude>
    <ClInclude Include="Card.h">
      <Filter>Header Files\Deck</Filter>
    </ClInclude>
    <ClInclude Include="FastHandEvaluator.h">
      <Filter>Header Files\Hand Evaluation</Filter>
    </ClInclude>
    <ClInclude Include="HandEvaluation.h">
      <Filter>Header Files\Hand Evaluation</Filter>
    </ClInclude>
    <ClInclude Include="Deck.h">
      <Filter>Header Files\Deck</Filter>
    </ClInclude>
    <ClInclude Include="HoleCards.h">
      <Filter>Header Files\Deck</Filter>
    </ClInclude>
    <ClInclude Include="HandBitMask.h">
      <Filter>Header Files\Hand Evaluation</Filter>
    </ClInclude>
    <ClInclude Include="CardBitMask.h">
      <Filter>Header Files\Hand Evaluation</Filter>
    </ClInclude>
    <ClInclude Include="HandEvaluationConstants.h">
      <Filter>Resource Files\Hand Evaluation</Filter>
    </ClInclude>
    <ClInclude Include="Range.h">
      <Filter>Header Files\Solver\Range</Filter>
    </ClInclude>
    <ClInclude Include="RangeHand.h">
      <Filter>Header Files\Solver\Range</Filter>
    </ClInclude>
    <ClInclude Include="PerfectHashTable.h">
      <Filter>Header Files\Utils</Filter>
    </ClInclude>
    <ClInclude Include="GameTree.h">
      <Filter>Header Files\Solver\Game Tree</Filter>
    </ClInclude>
    <ClInclude Include="GameStateNode.h">
      <Filter>Header Files\Solver\Game Tree</Filter>
    </ClInclude>
    <ClInclude Include="ActionNode.h">
      <Filter>Header Files\Solver\Game Tree</Filter>
    </ClInclude>
    <ClInclude Include="GameTreeConstants.h">
      <Filter>Header Files\Solver\Game Tree</Filter>
    </ClInclude>
  </ItemGroup>
  <ItemGroup>
    <ClCompile Include="PokerSolver.cpp">
      <Filter>Source Files</Filter>
    </ClCompile>
    <ClCompile Include="FastHandEvaluator.cpp">
      <Filter>Source Files\Hand Evaluation</Filter>
    </ClCompile>
    <ClCompile Include="HandBitMask.cpp">
      <Filter>Source Files\Hand Evaluation</Filter>
    </ClCompile>
    <ClCompile Include="HandEvaluation.cpp">
      <Filter>Source Files\Hand Evaluation</Filter>
    </ClCompile>
    <ClCompile Include="Card.cpp">
      <Filter>Source Files\Deck</Filter>
    </ClCompile>
    <ClCompile Include="Deck.cpp">
      <Filter>Source Files\Deck</Filter>
    </ClCompile>
    <ClCompile Include="HoleCards.cpp">
      <Filter>Source Files\Deck</Filter>
    </ClCompile>
    <ClCompile Include="CardTest.cpp">
      <Filter>Test\Deck</Filter>
    </ClCompile>
    <ClCompile Include="CardBitMask.cpp">
      <Filter>Source Files\Hand Evaluation</Filter>
    </ClCompile>
    <ClCompile Include="Range.cpp">
      <Filter>Source Files\Solver\Range</Filter>
    </ClCompile>
    <ClCompile Include="RangeHand.cpp">
      <Filter>Source Files\Solver\Range</Filter>
    </ClCompile>
    <ClCompile Include="PerfectHashTable.cpp">
      <Filter>Source Files\Utils</Filter>
    </ClCompile>
    <ClCompile Include="GameTree.cpp">
      <Filter>Source Files\Solver\Game Tree</Filter>
    </ClCompile>
    <ClCompile Include="GameStateNode.cpp">
      <Filter>Source Files\Solver\Game Tree</Filter>
    </ClCompile>
    <ClCompile Include="ActionNode.cpp">
      <Filter>Source Files\Solver\Game Tree</Filter>
    </ClCompile>
  </ItemGroup>
  <ItemGroup>
    <ResourceCompile Include="PokerSolver.rc">
      <Filter>Resource Files</Filter>
    </ResourceCompile>
  </ItemGroup>
  <ItemGroup>
    <Image Include="small.ico">
      <Filter>Resource Files</Filter>
    </Image>
    <Image Include="PokerSolver.ico">
      <Filter>Resource Files</Filter>
    </Image>
  </ItemGroup>
</Project>